// !$*UTF8*$!
{
	archiveVersion = 1;
	classes = {
	};
	objectVersion = 46;
	objects = {

/* Begin PBXBuildFile section */
		039816811EBCCB45002B0560 /* RepositoriesViewController.swift in Sources */ = {isa = PBXBuildFile; fileRef = 0398167F1EBCCB45002B0560 /* RepositoriesViewController.swift */; };
		039816821EBCCB45002B0560 /* RepositoryDetailViewController.swift in Sources */ = {isa = PBXBuildFile; fileRef = 039816801EBCCB45002B0560 /* RepositoryDetailViewController.swift */; };
		039816861EBCCB57002B0560 /* Repositories.swift in Sources */ = {isa = PBXBuildFile; fileRef = 039816841EBCCB57002B0560 /* Repositories.swift */; };
		039816871EBCCB57002B0560 /* RepositoriesTableViewCell.swift in Sources */ = {isa = PBXBuildFile; fileRef = 039816851EBCCB57002B0560 /* RepositoriesTableViewCell.swift */; };
		0398168B1EBCCB7C002B0560 /* gitHubIconWhiteBackground120.png in Resources */ = {isa = PBXBuildFile; fileRef = 039816891EBCCB7C002B0560 /* gitHubIconWhiteBackground120.png */; };
		0398168C1EBCCB7C002B0560 /* gitHubIconWhiteBackground180.png in Resources */ = {isa = PBXBuildFile; fileRef = 0398168A1EBCCB7C002B0560 /* gitHubIconWhiteBackground180.png */; };
		039816901EBCCB89002B0560 /* FAIcon.swift in Sources */ = {isa = PBXBuildFile; fileRef = 0398168E1EBCCB89002B0560 /* FAIcon.swift */; };
		039816911EBCCB89002B0560 /* FontAwesome.ttf in Resources */ = {isa = PBXBuildFile; fileRef = 0398168F1EBCCB89002B0560 /* FontAwesome.ttf */; };
		039816981EBCF9F2002B0560 /* RepositoryDetailViewController.swift in Sources */ = {isa = PBXBuildFile; fileRef = 039816801EBCCB45002B0560 /* RepositoryDetailViewController.swift */; };
		039816991EBCF9F5002B0560 /* RepositoriesViewController.swift in Sources */ = {isa = PBXBuildFile; fileRef = 0398167F1EBCCB45002B0560 /* RepositoriesViewController.swift */; };
		0398169A1EBCFBC9002B0560 /* Repositories.swift in Sources */ = {isa = PBXBuildFile; fileRef = 039816841EBCCB57002B0560 /* Repositories.swift */; };
		0398169B1EBCFBCC002B0560 /* RepositoriesTableViewCell.swift in Sources */ = {isa = PBXBuildFile; fileRef = 039816851EBCCB57002B0560 /* RepositoriesTableViewCell.swift */; };
		03C3F68C1EBCCADB00AC156A /* AppDelegate.swift in Sources */ = {isa = PBXBuildFile; fileRef = 03C3F68B1EBCCADB00AC156A /* AppDelegate.swift */; };
		03C3F6911EBCCADB00AC156A /* Main.storyboard in Resources */ = {isa = PBXBuildFile; fileRef = 03C3F68F1EBCCADB00AC156A /* Main.storyboard */; };
		03C3F6931EBCCADB00AC156A /* Assets.xcassets in Resources */ = {isa = PBXBuildFile; fileRef = 03C3F6921EBCCADB00AC156A /* Assets.xcassets */; };
		03C3F6961EBCCADB00AC156A /* LaunchScreen.storyboard in Resources */ = {isa = PBXBuildFile; fileRef = 03C3F6941EBCCADB00AC156A /* LaunchScreen.storyboard */; };
		03C3F6A11EBCCADC00AC156A /* ExampleIntelygenzTests.swift in Sources */ = {isa = PBXBuildFile; fileRef = 03C3F6A01EBCCADC00AC156A /* ExampleIntelygenzTests.swift */; };
/* End PBXBuildFile section */

/* Begin PBXContainerItemProxy section */
		03C3F69D1EBCCADC00AC156A /* PBXContainerItemProxy */ = {
			isa = PBXContainerItemProxy;
			containerPortal = 03C3F6801EBCCADB00AC156A /* Project object */;
			proxyType = 1;
			remoteGlobalIDString = 03C3F6871EBCCADB00AC156A;
			remoteInfo = ExampleIntelygenz;
		};
/* End PBXContainerItemProxy section */

/* Begin PBXFileReference section */
		0398167F1EBCCB45002B0560 /* RepositoriesViewController.swift */ = {isa = PBXFileReference; fileEncoding = 4; lastKnownFileType = sourcecode.swift; path = RepositoriesViewController.swift; sourceTree = "<group>"; };
		039816801EBCCB45002B0560 /* RepositoryDetailViewController.swift */ = {isa = PBXFileReference; fileEncoding = 4; lastKnownFileType = sourcecode.swift; path = RepositoryDetailViewController.swift; sourceTree = "<group>"; };
		039816841EBCCB57002B0560 /* Repositories.swift */ = {isa = PBXFileReference; fileEncoding = 4; lastKnownFileType = sourcecode.swift; path = Repositories.swift; sourceTree = "<group>"; };
		039816851EBCCB57002B0560 /* RepositoriesTableViewCell.swift */ = {isa = PBXFileReference; fileEncoding = 4; lastKnownFileType = sourcecode.swift; path = RepositoriesTableViewCell.swift; sourceTree = "<group>"; };
		039816891EBCCB7C002B0560 /* gitHubIconWhiteBackground120.png */ = {isa = PBXFileReference; lastKnownFileType = image.png; path = gitHubIconWhiteBackground120.png; sourceTree = "<group>"; };
		0398168A1EBCCB7C002B0560 /* gitHubIconWhiteBackground180.png */ = {isa = PBXFileReference; lastKnownFileType = image.png; path = gitHubIconWhiteBackground180.png; sourceTree = "<group>"; };
		0398168E1EBCCB89002B0560 /* FAIcon.swift */ = {isa = PBXFileReference; fileEncoding = 4; lastKnownFileType = sourcecode.swift; path = FAIcon.swift; sourceTree = "<group>"; };
		0398168F1EBCCB89002B0560 /* FontAwesome.ttf */ = {isa = PBXFileReference; lastKnownFileType = file; path = FontAwesome.ttf; sourceTree = "<group>"; };
		03C3F6881EBCCADB00AC156A /* ExampleIntelygenz.app */ = {isa = PBXFileReference; explicitFileType = wrapper.application; includeInIndex = 0; path = ExampleIntelygenz.app; sourceTree = BUILT_PRODUCTS_DIR; };
		03C3F68B1EBCCADB00AC156A /* AppDelegate.swift */ = {isa = PBXFileReference; lastKnownFileType = sourcecode.swift; path = AppDelegate.swift; sourceTree = "<group>"; };
		03C3F6901EBCCADB00AC156A /* Base */ = {isa = PBXFileReference; lastKnownFileType = file.storyboard; name = Base; path = Base.lproj/Main.storyboard; sourceTree = "<group>"; };
		03C3F6921EBCCADB00AC156A /* Assets.xcassets */ = {isa = PBXFileReference; lastKnownFileType = folder.assetcatalog; path = Assets.xcassets; sourceTree = "<group>"; };
		03C3F6951EBCCADB00AC156A /* Base */ = {isa = PBXFileReference; lastKnownFileType = file.storyboard; name = Base; path = Base.lproj/LaunchScreen.storyboard; sourceTree = "<group>"; };
		03C3F6971EBCCADB00AC156A /* Info.plist */ = {isa = PBXFileReference; lastKnownFileType = text.plist.xml; path = Info.plist; sourceTree = "<group>"; };
		03C3F69C1EBCCADC00AC156A /* ExampleIntelygenzTests.xctest */ = {isa = PBXFileReference; explicitFileType = wrapper.cfbundle; includeInIndex = 0; path = ExampleIntelygenzTests.xctest; sourceTree = BUILT_PRODUCTS_DIR; };
		03C3F6A01EBCCADC00AC156A /* ExampleIntelygenzTests.swift */ = {isa = PBXFileReference; lastKnownFileType = sourcecode.swift; path = ExampleIntelygenzTests.swift; sourceTree = "<group>"; };
		03C3F6A21EBCCADC00AC156A /* Info.plist */ = {isa = PBXFileReference; lastKnownFileType = text.plist.xml; path = Info.plist; sourceTree = "<group>"; };
/* End PBXFileReference section */

/* Begin PBXFrameworksBuildPhase section */
		03C3F6851EBCCADB00AC156A /* Frameworks */ = {
			isa = PBXFrameworksBuildPhase;
			buildActionMask = 2147483647;
			files = (
			);
			runOnlyForDeploymentPostprocessing = 0;
		};
		03C3F6991EBCCADC00AC156A /* Frameworks */ = {
			isa = PBXFrameworksBuildPhase;
			buildActionMask = 2147483647;
			files = (
			);
			runOnlyForDeploymentPostprocessing = 0;
		};
/* End PBXFrameworksBuildPhase section */

/* Begin PBXGroup section */
		0398167E1EBCCB35002B0560 /* Controllers */ = {
			isa = PBXGroup;
			children = (
				0398167F1EBCCB45002B0560 /* RepositoriesViewController.swift */,
				039816801EBCCB45002B0560 /* RepositoryDetailViewController.swift */,
			);
			name = Controllers;
			sourceTree = "<group>";
		};
		039816831EBCCB49002B0560 /* Models */ = {
			isa = PBXGroup;
			children = (
				039816841EBCCB57002B0560 /* Repositories.swift */,
				039816851EBCCB57002B0560 /* RepositoriesTableViewCell.swift */,
			);
			name = Models;
			sourceTree = "<group>";
		};
		039816881EBCCB75002B0560 /* Images */ = {
			isa = PBXGroup;
			children = (
				039816891EBCCB7C002B0560 /* gitHubIconWhiteBackground120.png */,
				0398168A1EBCCB7C002B0560 /* gitHubIconWhiteBackground180.png */,
			);
			name = Images;
			sourceTree = "<group>";
		};
		0398168D1EBCCB7F002B0560 /* Resources */ = {
			isa = PBXGroup;
			children = (
				0398168E1EBCCB89002B0560 /* FAIcon.swift */,
				0398168F1EBCCB89002B0560 /* FontAwesome.ttf */,
			);
			name = Resources;
			sourceTree = "<group>";
		};
		03C3F67F1EBCCADB00AC156A = {
			isa = PBXGroup;
			children = (
				03C3F68A1EBCCADB00AC156A /* ExampleIntelygenz */,
				03C3F69F1EBCCADC00AC156A /* ExampleIntelygenzTests */,
				03C3F6891EBCCADB00AC156A /* Products */,
			);
			sourceTree = "<group>";
		};
		03C3F6891EBCCADB00AC156A /* Products */ = {
			isa = PBXGroup;
			children = (
				03C3F6881EBCCADB00AC156A /* ExampleIntelygenz.app */,
				03C3F69C1EBCCADC00AC156A /* ExampleIntelygenzTests.xctest */,
			);
			name = Products;
			sourceTree = "<group>";
		};
		03C3F68A1EBCCADB00AC156A /* ExampleIntelygenz */ = {
			isa = PBXGroup;
			children = (
				0398168D1EBCCB7F002B0560 /* Resources */,
				039816881EBCCB75002B0560 /* Images */,
				039816831EBCCB49002B0560 /* Models */,
				0398167E1EBCCB35002B0560 /* Controllers */,
				03C3F68B1EBCCADB00AC156A /* AppDelegate.swift */,
				03C3F68F1EBCCADB00AC156A /* Main.storyboard */,
				03C3F6921EBCCADB00AC156A /* Assets.xcassets */,
				03C3F6941EBCCADB00AC156A /* LaunchScreen.storyboard */,
				03C3F6971EBCCADB00AC156A /* Info.plist */,
			);
			path = ExampleIntelygenz;
			sourceTree = "<group>";
		};
		03C3F69F1EBCCADC00AC156A /* ExampleIntelygenzTests */ = {
			isa = PBXGroup;
			children = (
				03C3F6A01EBCCADC00AC156A /* ExampleIntelygenzTests.swift */,
				03C3F6A21EBCCADC00AC156A /* Info.plist */,
			);
			path = ExampleIntelygenzTests;
			sourceTree = "<group>";
		};
/* End PBXGroup section */

/* Begin PBXNativeTarget section */
		03C3F6871EBCCADB00AC156A /* ExampleIntelygenz */ = {
			isa = PBXNativeTarget;
			buildConfigurationList = 03C3F6A51EBCCADC00AC156A /* Build configuration list for PBXNativeTarget "ExampleIntelygenz" */;
			buildPhases = (
				03C3F6841EBCCADB00AC156A /* Sources */,
				03C3F6851EBCCADB00AC156A /* Frameworks */,
				03C3F6861EBCCADB00AC156A /* Resources */,
			);
			buildRules = (
			);
			dependencies = (
			);
			name = ExampleIntelygenz;
			productName = ExampleIntelygenz;
			productReference = 03C3F6881EBCCADB00AC156A /* ExampleIntelygenz.app */;
			productType = "com.apple.product-type.application";
		};
		03C3F69B1EBCCADC00AC156A /* ExampleIntelygenzTests */ = {
			isa = PBXNativeTarget;
			buildConfigurationList = 03C3F6A81EBCCADC00AC156A /* Build configuration list for PBXNativeTarget "ExampleIntelygenzTests" */;
			buildPhases = (
				03C3F6981EBCCADC00AC156A /* Sources */,
				03C3F6991EBCCADC00AC156A /* Frameworks */,
				03C3F69A1EBCCADC00AC156A /* Resources */,
			);
			buildRules = (
			);
			dependencies = (
				03C3F69E1EBCCADC00AC156A /* PBXTargetDependency */,
			);
			name = ExampleIntelygenzTests;
			productName = ExampleIntelygenzTests;
			productReference = 03C3F69C1EBCCADC00AC156A /* ExampleIntelygenzTests.xctest */;
			productType = "com.apple.product-type.bundle.unit-test";
		};
/* End PBXNativeTarget section */

/* Begin PBXProject section */
		03C3F6801EBCCADB00AC156A /* Project object */ = {
			isa = PBXProject;
			attributes = {
				LastSwiftUpdateCheck = 0830;
				LastUpgradeCheck = 0830;
				ORGANIZATIONNAME = "Nacho Martinez";
				TargetAttributes = {
					03C3F6871EBCCADB00AC156A = {
						CreatedOnToolsVersion = 8.3.2;
						DevelopmentTeam = 5ASV836QR2;
						ProvisioningStyle = Automatic;
					};
					03C3F69B1EBCCADC00AC156A = {
						CreatedOnToolsVersion = 8.3.2;
						DevelopmentTeam = 5ASV836QR2;
						ProvisioningStyle = Automatic;
						TestTargetID = 03C3F6871EBCCADB00AC156A;
					};
				};
			};
			buildConfigurationList = 03C3F6831EBCCADB00AC156A /* Build configuration list for PBXProject "ExampleIntelygenz" */;
			compatibilityVersion = "Xcode 3.2";
			developmentRegion = English;
			hasScannedForEncodings = 0;
			knownRegions = (
				en,
				Base,
			);
			mainGroup = 03C3F67F1EBCCADB00AC156A;
			productRefGroup = 03C3F6891EBCCADB00AC156A /* Products */;
			projectDirPath = "";
			projectRoot = "";
			targets = (
				03C3F6871EBCCADB00AC156A /* ExampleIntelygenz */,
				03C3F69B1EBCCADC00AC156A /* ExampleIntelygenzTests */,
			);
		};
/* End PBXProject section */

/* Begin PBXResourcesBuildPhase section */
		03C3F6861EBCCADB00AC156A /* Resources */ = {
			isa = PBXResourcesBuildPhase;
			buildActionMask = 2147483647;
			files = (
				0398168C1EBCCB7C002B0560 /* gitHubIconWhiteBackground180.png in Resources */,
				03C3F6961EBCCADB00AC156A /* LaunchScreen.storyboard in Resources */,
				03C3F6931EBCCADB00AC156A /* Assets.xcassets in Resources */,
				0398168B1EBCCB7C002B0560 /* gitHubIconWhiteBackground120.png in Resources */,
				03C3F6911EBCCADB00AC156A /* Main.storyboard in Resources */,
				039816911EBCCB89002B0560 /* FontAwesome.ttf in Resources */,
			);
			runOnlyForDeploymentPostprocessing = 0;
		};
		03C3F69A1EBCCADC00AC156A /* Resources */ = {
			isa = PBXResourcesBuildPhase;
			buildActionMask = 2147483647;
			files = (
			);
			runOnlyForDeploymentPostprocessing = 0;
		};
/* End PBXResourcesBuildPhase section */

/* Begin PBXSourcesBuildPhase section */
		03C3F6841EBCCADB00AC156A /* Sources */ = {
			isa = PBXSourcesBuildPhase;
			buildActionMask = 2147483647;
			files = (
				039816871EBCCB57002B0560 /* RepositoriesTableViewCell.swift in Sources */,
				039816811EBCCB45002B0560 /* RepositoriesViewController.swift in Sources */,
				039816861EBCCB57002B0560 /* Repositories.swift in Sources */,
				039816901EBCCB89002B0560 /* FAIcon.swift in Sources */,
				039816821EBCCB45002B0560 /* RepositoryDetailViewController.swift in Sources */,
				03C3F68C1EBCCADB00AC156A /* AppDelegate.swift in Sources */,
			);
			runOnlyForDeploymentPostprocessing = 0;
		};
		03C3F6981EBCCADC00AC156A /* Sources */ = {
			isa = PBXSourcesBuildPhase;
			buildActionMask = 2147483647;
			files = (
				0398169B1EBCFBCC002B0560 /* RepositoriesTableViewCell.swift in Sources */,
				039816991EBCF9F5002B0560 /* RepositoriesViewController.swift in Sources */,
				0398169A1EBCFBC9002B0560 /* Repositories.swift in Sources */,
				039816981EBCF9F2002B0560 /* RepositoryDetailViewController.swift in Sources */,
				03C3F6A11EBCCADC00AC156A /* ExampleIntelygenzTests.swift in Sources */,
			);
			runOnlyForDeploymentPostprocessing = 0;
		};
/* End PBXSourcesBuildPhase section */

/* Begin PBXTargetDependency section */
		03C3F69E1EBCCADC00AC156A /* PBXTargetDependency */ = {
			isa = PBXTargetDependency;
			target = 03C3F6871EBCCADB00AC156A /* ExampleIntelygenz */;
			targetProxy = 03C3F69D1EBCCADC00AC156A /* PBXContainerItemProxy */;
		};
/* End PBXTargetDependency section */

/* Begin PBXVariantGroup section */
		03C3F68F1EBCCADB00AC156A /* Main.storyboard */ = {
			isa = PBXVariantGroup;
			children = (
				03C3F6901EBCCADB00AC156A /* Base */,
			);
			name = Main.storyboard;
			sourceTree = "<group>";
		};
		03C3F6941EBCCADB00AC156A /* LaunchScreen.storyboard */ = {
			isa = PBXVariantGroup;
			children = (
				03C3F6951EBCCADB00AC156A /* Base */,
			);
			name = LaunchScreen.storyboard;
			sourceTree = "<group>";
		};
/* End PBXVariantGroup section */

/* Begin XCBuildConfiguration section */
		03C3F6A31EBCCADC00AC156A /* Debug */ = {
			isa = XCBuildConfiguration;
			buildSettings = {
				ALWAYS_SEARCH_USER_PATHS = NO;
				CLANG_ANALYZER_NONNULL = YES;
				CLANG_ANALYZER_NUMBER_OBJECT_CONVERSION = YES_AGGRESSIVE;
				CLANG_CXX_LANGUAGE_STANDARD = "gnu++0x";
				CLANG_CXX_LIBRARY = "libc++";
				CLANG_ENABLE_MODULES = YES;
				CLANG_ENABLE_OBJC_ARC = YES;
				CLANG_WARN_BOOL_CONVERSION = YES;
				CLANG_WARN_CONSTANT_CONVERSION = YES;
				CLANG_WARN_DIRECT_OBJC_ISA_USAGE = YES_ERROR;
				CLANG_WARN_DOCUMENTATION_COMMENTS = YES;
				CLANG_WARN_EMPTY_BODY = YES;
				CLANG_WARN_ENUM_CONVERSION = YES;
				CLANG_WARN_INFINITE_RECURSION = YES;
				CLANG_WARN_INT_CONVERSION = YES;
				CLANG_WARN_OBJC_ROOT_CLASS = YES_ERROR;
				CLANG_WARN_SUSPICIOUS_MOVE = YES;
				CLANG_WARN_UNREACHABLE_CODE = YES;
				CLANG_WARN__DUPLICATE_METHOD_MATCH = YES;
				"CODE_SIGN_IDENTITY[sdk=iphoneos*]" = "iPhone Developer";
				COPY_PHASE_STRIP = NO;
				DEBUG_INFORMATION_FORMAT = dwarf;
				ENABLE_STRICT_OBJC_MSGSEND = YES;
				ENABLE_TESTABILITY = YES;
				GCC_C_LANGUAGE_STANDARD = gnu99;
				GCC_DYNAMIC_NO_PIC = NO;
				GCC_NO_COMMON_BLOCKS = YES;
				GCC_OPTIMIZATION_LEVEL = 0;
				GCC_PREPROCESSOR_DEFINITIONS = (
					"DEBUG=1",
					"$(inherited)",
				);
				GCC_WARN_64_TO_32_BIT_CONVERSION = YES;
				GCC_WARN_ABOUT_RETURN_TYPE = YES_ERROR;
				GCC_WARN_UNDECLARED_SELECTOR = YES;
				GCC_WARN_UNINITIALIZED_AUTOS = YES_AGGRESSIVE;
				GCC_WARN_UNUSED_FUNCTION = YES;
				GCC_WARN_UNUSED_VARIABLE = YES;
				IPHONEOS_DEPLOYMENT_TARGET = 9.0;
				MTL_ENABLE_DEBUG_INFO = YES;
				ONLY_ACTIVE_ARCH = YES;
				SDKROOT = iphoneos;
				SWIFT_ACTIVE_COMPILATION_CONDITIONS = DEBUG;
				SWIFT_OPTIMIZATION_LEVEL = "-Onone";
			};
			name = Debug;
		};
		03C3F6A41EBCCADC00AC156A /* Release */ = {
			isa = XCBuildConfiguration;
			buildSettings = {
				ALWAYS_SEARCH_USER_PATHS = NO;
				CLANG_ANALYZER_NONNULL = YES;
				CLANG_ANALYZER_NUMBER_OBJECT_CONVERSION = YES_AGGRESSIVE;
				CLANG_CXX_LANGUAGE_STANDARD = "gnu++0x";
				CLANG_CXX_LIBRARY = "libc++";
				CLANG_ENABLE_MODULES = YES;
				CLANG_ENABLE_OBJC_ARC = YES;
				CLANG_WARN_BOOL_CONVERSION = YES;
				CLANG_WARN_CONSTANT_CONVERSION = YES;
				CLANG_WARN_DIRECT_OBJC_ISA_USAGE = YES_ERROR;
				CLANG_WARN_DOCUMENTATION_COMMENTS = YES;
				CLANG_WARN_EMPTY_BODY = YES;
				CLANG_WARN_ENUM_CONVERSION = YES;
				CLANG_WARN_INFINITE_RECURSION = YES;
				CLANG_WARN_INT_CONVERSION = YES;
				CLANG_WARN_OBJC_ROOT_CLASS = YES_ERROR;
				CLANG_WARN_SUSPICIOUS_MOVE = YES;
				CLANG_WARN_UNREACHABLE_CODE = YES;
				CLANG_WARN__DUPLICATE_METHOD_MATCH = YES;
				"CODE_SIGN_IDENTITY[sdk=iphoneos*]" = "iPhone Developer";
				COPY_PHASE_STRIP = NO;
				DEBUG_INFORMATION_FORMAT = "dwarf-with-dsym";
				ENABLE_NS_ASSERTIONS = NO;
				ENABLE_STRICT_OBJC_MSGSEND = YES;
				GCC_C_LANGUAGE_STANDARD = gnu99;
				GCC_NO_COMMON_BLOCKS = YES;
				GCC_WARN_64_TO_32_BIT_CONVERSION = YES;
				GCC_WARN_ABOUT_RETURN_TYPE = YES_ERROR;
				GCC_WARN_UNDECLARED_SELECTOR = YES;
				GCC_WARN_UNINITIALIZED_AUTOS = YES_AGGRESSIVE;
				GCC_WARN_UNUSED_FUNCTION = YES;
				GCC_WARN_UNUSED_VARIABLE = YES;
				IPHONEOS_DEPLOYMENT_TARGET = 9.0;
				MTL_ENABLE_DEBUG_INFO = NO;
				SDKROOT = iphoneos;
				SWIFT_OPTIMIZATION_LEVEL = "-Owholemodule";
				VALIDATE_PRODUCT = YES;
			};
			name = Release;
		};
		03C3F6A61EBCCADC00AC156A /* Debug */ = {
			isa = XCBuildConfiguration;
			buildSettings = {
				ASSETCATALOG_COMPILER_APPICON_NAME = AppIcon;
				DEVELOPMENT_TEAM = 5ASV836QR2;
				INFOPLIST_FILE = ExampleIntelygenz/Info.plist;
				IPHONEOS_DEPLOYMENT_TARGET = 9.0;
				LD_RUNPATH_SEARCH_PATHS = "$(inherited) @executable_path/Frameworks";
				PRODUCT_BUNDLE_IDENTIFIER = com.NachoSizle.ExampleIntelygenz;
				PRODUCT_NAME = "$(TARGET_NAME)";
				SWIFT_VERSION = 3.0;
			};
			name = Debug;
		};
		03C3F6A71EBCCADC00AC156A /* Release */ = {
			isa = XCBuildConfiguration;
			buildSettings = {
				ASSETCATALOG_COMPILER_APPICON_NAME = AppIcon;
				DEVELOPMENT_TEAM = 5ASV836QR2;
				INFOPLIST_FILE = ExampleIntelygenz/Info.plist;
				IPHONEOS_DEPLOYMENT_TARGET = 9.0;
				LD_RUNPATH_SEARCH_PATHS = "$(inherited) @executable_path/Frameworks";
				PRODUCT_BUNDLE_IDENTIFIER = com.NachoSizle.ExampleIntelygenz;
				PRODUCT_NAME = "$(TARGET_NAME)";
				SWIFT_VERSION = 3.0;
			};
			name = Release;
		};
		03C3F6A91EBCCADC00AC156A /* Debug */ = {
			isa = XCBuildConfiguration;
			buildSettings = {
				ALWAYS_EMBED_SWIFT_STANDARD_LIBRARIES = YES;
				BUNDLE_LOADER = "$(TEST_HOST)";
				DEVELOPMENT_TEAM = 5ASV836QR2;
				INFOPLIST_FILE = ExampleIntelygenzTests/Info.plist;
				LD_RUNPATH_SEARCH_PATHS = "$(inherited) @executable_path/Frameworks @loader_path/Frameworks";
				PRODUCT_BUNDLE_IDENTIFIER = com.NachoSizle.ExampleIntelygenzTests;
				PRODUCT_NAME = "$(TARGET_NAME)";
				SWIFT_VERSION = 3.0;
				TEST_HOST = "$(BUILT_PRODUCTS_DIR)/ExampleIntelygenz.app/ExampleIntelygenz";
			};
			name = Debug;
		};
		03C3F6AA1EBCCADC00AC156A /* Release */ = {
			isa = XCBuildConfiguration;
			buildSettings = {
				ALWAYS_EMBED_SWIFT_STANDARD_LIBRARIES = YES;
				BUNDLE_LOADER = "$(TEST_HOST)";
				DEVELOPMENT_TEAM = 5ASV836QR2;
				INFOPLIST_FILE = ExampleIntelygenzTests/Info.plist;
				LD_RUNPATH_SEARCH_PATHS = "$(inherited) @executable_path/Frameworks @loader_path/Frameworks";
				PRODUCT_BUNDLE_IDENTIFIER = com.NachoSizle.ExampleIntelygenzTests;
				PRODUCT_NAME = "$(TARGET_NAME)";
				SWIFT_VERSION = 3.0;
				TEST_HOST = "$(BUILT_PRODUCTS_DIR)/ExampleIntelygenz.app/ExampleIntelygenz";
			};
			name = Release;
		};
/* End XCBuildConfiguration section */

/* Begin XCConfigurationList section */
		03C3F6831EBCCADB00AC156A /* Build configuration list for PBXProject "ExampleIntelygenz" */ = {
			isa = XCConfigurationList;
			buildConfigurations = (
				03C3F6A31EBCCADC00AC156A /* Debug */,
				03C3F6A41EBCCADC00AC156A /* Release */,
			);
			defaultConfigurationIsVisible = 0;
			defaultConfigurationName = Release;
		};
		03C3F6A51EBCCADC00AC156A /* Build configuration list for PBXNativeTarget "ExampleIntelygenz" */ = {
			isa = XCConfigurationList;
			buildConfigurations = (
				03C3F6A61EBCCADC00AC156A /* Debug */,
				03C3F6A71EBCCADC00AC156A /* Release */,
			);
			defaultConfigurationIsVisible = 0;
			defaultConfigurationName = Release;
		};
		03C3F6A81EBCCADC00AC156A /* Build configuration list for PBXNativeTarget "ExampleIntelygenzTests" */ = {
			isa = XCConfigurationList;
			buildConfigurations = (
				03C3F6A91EBCCADC00AC156A /* Debug */,
				03C3F6AA1EBCCADC00AC156A /* Release */,
			);
			defaultConfigurationIsVisible = 0;
			defaultConfigurationName = Release;
		};
/* End XCConfigurationList section */
	};
	rootObject = 03C3F6801EBCCADB00AC156A /* Project object */;
}
